// !$*UTF8*$!
{
	archiveVersion = 1;
	classes = {
	};
	objectVersion = 46;
	objects = {

/* Begin PBXBuildFile section */
		34EAFAFE1E0260E40059F339 /* main.m in Sources */ = {isa = PBXBuildFile; fileRef = 34EAFAFD1E0260E40059F339 /* main.m */; };
		34EAFB011E0260E40059F339 /* AppDelegate.m in Sources */ = {isa = PBXBuildFile; fileRef = 34EAFB001E0260E40059F339 /* AppDelegate.m */; };
		34EAFB041E0260E40059F339 /* ViewController.m in Sources */ = {isa = PBXBuildFile; fileRef = 34EAFB031E0260E40059F339 /* ViewController.m */; };
		34EAFB071E0260E40059F339 /* Main.storyboard in Resources */ = {isa = PBXBuildFile; fileRef = 34EAFB051E0260E40059F339 /* Main.storyboard */; };
		34EAFB091E0260E40059F339 /* Assets.xcassets in Resources */ = {isa = PBXBuildFile; fileRef = 34EAFB081E0260E40059F339 /* Assets.xcassets */; };
		34EAFB0C1E0260E40059F339 /* LaunchScreen.storyboard in Resources */ = {isa = PBXBuildFile; fileRef = 34EAFB0A1E0260E40059F339 /* LaunchScreen.storyboard */; };
		34EAFB161E026C150059F339 /* LocalPush.m in Sources */ = {isa = PBXBuildFile; fileRef = 34EAFB151E026C150059F339 /* LocalPush.m */; };
/* End PBXBuildFile section */

/* Begin PBXFileReference section */
		34EAFAF91E0260E40059F339 /* LocalPush.app */ = {isa = PBXFileReference; explicitFileType = wrapper.application; includeInIndex = 0; path = LocalPush.app; sourceTree = BUILT_PRODUCTS_DIR; };
		34EAFAFD1E0260E40059F339 /* main.m */ = {isa = PBXFileReference; lastKnownFileType = sourcecode.c.objc; path = main.m; sourceTree = "<group>"; };
		34EAFAFF1E0260E40059F339 /* AppDelegate.h */ = {isa = PBXFileReference; lastKnownFileType = sourcecode.c.h; path = AppDelegate.h; sourceTree = "<group>"; };
		34EAFB001E0260E40059F339 /* AppDelegate.m */ = {isa = PBXFileReference; lastKnownFileType = sourcecode.c.objc; path = AppDelegate.m; sourceTree = "<group>"; };
		34EAFB021E0260E40059F339 /* ViewController.h */ = {isa = PBXFileReference; lastKnownFileType = sourcecode.c.h; path = ViewController.h; sourceTree = "<group>"; };
		34EAFB031E0260E40059F339 /* ViewController.m */ = {isa = PBXFileReference; lastKnownFileType = sourcecode.c.objc; path = ViewController.m; sourceTree = "<group>"; };
		34EAFB061E0260E40059F339 /* Base */ = {isa = PBXFileReference; lastKnownFileType = file.storyboard; name = Base; path = Base.lproj/Main.storyboard; sourceTree = "<group>"; };
		34EAFB081E0260E40059F339 /* Assets.xcassets */ = {isa = PBXFileReference; lastKnownFileType = folder.assetcatalog; path = Assets.xcassets; sourceTree = "<group>"; };
		34EAFB0B1E0260E40059F339 /* Base */ = {isa = PBXFileReference; lastKnownFileType = file.storyboard; name = Base; path = Base.lproj/LaunchScreen.storyboard; sourceTree = "<group>"; };
		34EAFB0D1E0260E40059F339 /* Info.plist */ = {isa = PBXFileReference; lastKnownFileType = text.plist.xml; path = Info.plist; sourceTree = "<group>"; };
		34EAFB141E026C150059F339 /* LocalPush.h */ = {isa = PBXFileReference; fileEncoding = 4; lastKnownFileType = sourcecode.c.h; path = LocalPush.h; sourceTree = "<group>"; };
		34EAFB151E026C150059F339 /* LocalPush.m */ = {isa = PBXFileReference; fileEncoding = 4; lastKnownFileType = sourcecode.c.objc; path = LocalPush.m; sourceTree = "<group>"; };
/* End PBXFileReference section */

/* Begin PBXFrameworksBuildPhase section */
		34EAFAF61E0260E40059F339 /* Frameworks */ = {
			isa = PBXFrameworksBuildPhase;
			buildActionMask = 2147483647;
			files = (
			);
			runOnlyForDeploymentPostprocessing = 0;
		};
/* End PBXFrameworksBuildPhase section */

/* Begin PBXGroup section */
		34EAFAF01E0260E40059F339 = {
			isa = PBXGroup;
			children = (
				34EAFAFB1E0260E40059F339 /* LocalPush */,
				34EAFAFA1E0260E40059F339 /* Products */,
			);
			sourceTree = "<group>";
		};
		34EAFAFA1E0260E40059F339 /* Products */ = {
			isa = PBXGroup;
			children = (
				34EAFAF91E0260E40059F339 /* LocalPush.app */,
			);
			name = Products;
			sourceTree = "<group>";
		};
		34EAFAFB1E0260E40059F339 /* LocalPush */ = {
			isa = PBXGroup;
			children = (
				34EAFB131E026BFA0059F339 /* LocalPush */,
				34EAFAFF1E0260E40059F339 /* AppDelegate.h */,
				34EAFB001E0260E40059F339 /* AppDelegate.m */,
				34EAFB021E0260E40059F339 /* ViewController.h */,
				34EAFB031E0260E40059F339 /* ViewController.m */,
				34EAFB051E0260E40059F339 /* Main.storyboard */,
				34EAFB081E0260E40059F339 /* Assets.xcassets */,
				34EAFB0A1E0260E40059F339 /* LaunchScreen.storyboard */,
				34EAFB0D1E0260E40059F339 /* Info.plist */,
				34EAFAFC1E0260E40059F339 /* Supporting Files */,
			);
			path = LocalPush;
			sourceTree = "<group>";
		};
		34EAFAFC1E0260E40059F339 /* Supporting Files */ = {
			isa = PBXGroup;
			children = (
				34EAFAFD1E0260E40059F339 /* main.m */,
			);
			name = "Supporting Files";
			sourceTree = "<group>";
		};
		34EAFB131E026BFA0059F339 /* LocalPush */ = {
			isa = PBXGroup;
			children = (
				34EAFB141E026C150059F339 /* LocalPush.h */,
				34EAFB151E026C150059F339 /* LocalPush.m */,
			);
			path = LocalPush;
			sourceTree = "<group>";
		};
/* End PBXGroup section */

/* Begin PBXNativeTarget section */
		34EAFAF81E0260E40059F339 /* LocalPush */ = {
			isa = PBXNativeTarget;
			buildConfigurationList = 34EAFB101E0260E40059F339 /* Build configuration list for PBXNativeTarget "LocalPush" */;
			buildPhases = (
				34EAFAF51E0260E40059F339 /* Sources */,
				34EAFAF61E0260E40059F339 /* Frameworks */,
				34EAFAF71E0260E40059F339 /* Resources */,
			);
			buildRules = (
			);
			dependencies = (
			);
			name = LocalPush;
			productName = LocalPush;
			productReference = 34EAFAF91E0260E40059F339 /* LocalPush.app */;
			productType = "com.apple.product-type.application";
		};
/* End PBXNativeTarget section */

/* Begin PBXProject section */
		34EAFAF11E0260E40059F339 /* Project object */ = {
			isa = PBXProject;
			attributes = {
				LastUpgradeCheck = 0800;
				ORGANIZATIONNAME = SMX;
				TargetAttributes = {
					34EAFAF81E0260E40059F339 = {
						CreatedOnToolsVersion = 8.0;
						DevelopmentTeam = TS3TJHEABE;
						ProvisioningStyle = Automatic;
					};
				};
			};
			buildConfigurationList = 34EAFAF41E0260E40059F339 /* Build configuration list for PBXProject "LocalPush" */;
			compatibilityVersion = "Xcode 3.2";
			developmentRegion = English;
			hasScannedForEncodings = 0;
			knownRegions = (
				en,
				Base,
			);
			mainGroup = 34EAFAF01E0260E40059F339;
			productRefGroup = 34EAFAFA1E0260E40059F339 /* Products */;
			projectDirPath = "";
			projectRoot = "";
			targets = (
				34EAFAF81E0260E40059F339 /* LocalPush */,
			);
		};
/* End PBXProject section */

/* Begin PBXResourcesBuildPhase section */
		34EAFAF71E0260E40059F339 /* Resources */ = {
			isa = PBXResourcesBuildPhase;
			buildActionMask = 2147483647;
			files = (
				34EAFB0C1E0260E40059F339 /* LaunchScreen.storyboard in Resources */,
				34EAFB091E0260E40059F339 /* Assets.xcassets in Resources */,
				34EAFB071E0260E40059F339 /* Main.storyboard in Resources */,
			);
			runOnlyForDeploymentPostprocessing = 0;
		};
/* End PBXResourcesBuildPhase section */

/* Begin PBXSourcesBuildPhase section */
		34EAFAF51E0260E40059F339 /* Sources */ = {
			isa = PBXSourcesBuildPhase;
			buildActionMask = 2147483647;
			files = (
				34EAFB041E0260E40059F339 /* ViewController.m in Sources */,
				34EAFB161E026C150059F339 /* LocalPush.m in Sources */,
				34EAFB011E0260E40059F339 /* AppDelegate.m in Sources */,
				34EAFAFE1E0260E40059F339 /* main.m in Sources */,
			);
			runOnlyForDeploymentPostprocessing = 0;
		};
/* End PBXSourcesBuildPhase section */

/* Begin PBXVariantGroup section */
		34EAFB051E0260E40059F339 /* Main.storyboard */ = {
			isa = PBXVariantGroup;
			children = (
				34EAFB061E0260E40059F339 /* Base */,
			);
			name = Main.storyboard;
			sourceTree = "<group>";
		};
		34EAFB0A1E0260E40059F339 /* LaunchScreen.storyboard */ = {
			isa = PBXVariantGroup;
			children = (
				34EAFB0B1E0260E40059F339 /* Base */,
			);
			name = LaunchScreen.storyboard;
			sourceTree = "<group>";
		};
/* End PBXVariantGroup section */

/* Begin XCBuildConfiguration section */
		34EAFB0E1E0260E40059F339 /* Debug */ = {
			isa = XCBuildConfiguration;
			buildSettings = {
				ALWAYS_SEARCH_USER_PATHS = NO;
				CLANG_ANALYZER_NONNULL = YES;
				CLANG_CXX_LANGUAGE_STANDARD = "gnu++0x";
				CLANG_CXX_LIBRARY = "libc++";
				CLANG_ENABLE_MODULES = YES;
				CLANG_ENABLE_OBJC_ARC = YES;
				CLANG_WARN_BOOL_CONVERSION = YES;
				CLANG_WARN_CONSTANT_CONVERSION = YES;
				CLANG_WARN_DIRECT_OBJC_ISA_USAGE = YES_ERROR;
				CLANG_WARN_DOCUMENTATION_COMMENTS = YES;
				CLANG_WARN_EMPTY_BODY = YES;
				CLANG_WARN_ENUM_CONVERSION = YES;
				CLANG_WARN_INFINITE_RECURSION = YES;
				CLANG_WARN_INT_CONVERSION = YES;
				CLANG_WARN_OBJC_ROOT_CLASS = YES_ERROR;
				CLANG_WARN_SUSPICIOUS_MOVES = YES;
				CLANG_WARN_UNREACHABLE_CODE = YES;
				CLANG_WARN__DUPLICATE_METHOD_MATCH = YES;
				"CODE_SIGN_IDENTITY[sdk=iphoneos*]" = "iPhone Developer";
				COPY_PHASE_STRIP = NO;
				DEBUG_INFORMATION_FORMAT = dwarf;
				ENABLE_STRICT_OBJC_MSGSEND = YES;
				ENABLE_TESTABILITY = YES;
				GCC_C_LANGUAGE_STANDARD = gnu99;
				GCC_DYNAMIC_NO_PIC = NO;
				GCC_NO_COMMON_BLOCKS = YES;
				GCC_OPTIMIZATION_LEVEL = 0;
				GCC_PREPROCESSOR_DEFINITIONS = (
					"DEBUG=1",
					"$(inherited)",
				);
				GCC_WARN_64_TO_32_BIT_CONVERSION = YES;
				GCC_WARN_ABOUT_RETURN_TYPE = YES_ERROR;
				GCC_WARN_UNDECLARED_SELECTOR = YES;
				GCC_WARN_UNINITIALIZED_AUTOS = YES_AGGRESSIVE;
				GCC_WARN_UNUSED_FUNCTION = YES;
				GCC_WARN_UNUSED_VARIABLE = YES;
				IPHONEOS_DEPLOYMENT_TARGET = 10.0;
				MTL_ENABLE_DEBUG_INFO = YES;
				ONLY_ACTIVE_ARCH = YES;
				SDKROOT = iphoneos;
			};
			name = Debug;
		};
		34EAFB0F1E0260E40059F339 /* Release */ = {
			isa = XCBuildConfiguration;
			buildSettings = {
				ALWAYS_SEARCH_USER_PATHS = NO;
				CLANG_ANALYZER_NONNULL = YES;
				CLANG_CXX_LANGUAGE_STANDARD = "gnu++0x";
				CLANG_CXX_LIBRARY = "libc++";
				CLANG_ENABLE_MODULES = YES;
				CLANG_ENABLE_OBJC_ARC = YES;
				CLANG_WARN_BOOL_CONVERSION = YES;
				CLANG_WARN_CONSTANT_CONVERSION = YES;
				CLANG_WARN_DIRECT_OBJC_ISA_USAGE = YES_ERROR;
				CLANG_WARN_DOCUMENTATION_COMMENTS = YES;
				CLANG_WARN_EMPTY_BODY = YES;
				CLANG_WARN_ENUM_CONVERSION = YES;
				CLANG_WARN_INFINITE_RECURSION = YES;
				CLANG_WARN_INT_CONVERSION = YES;
				CLANG_WARN_OBJC_ROOT_CLASS = YES_ERROR;
				CLANG_WARN_SUSPICIOUS_MOVES = YES;
				CLANG_WARN_UNREACHABLE_CODE = YES;
				CLANG_WARN__DUPLICATE_METHOD_MATCH = YES;
				"CODE_SIGN_IDENTITY[sdk=iphoneos*]" = "iPhone Developer";
				COPY_PHASE_STRIP = NO;
				DEBUG_INFORMATION_FORMAT = "dwarf-with-dsym";
				ENABLE_NS_ASSERTIONS = NO;
				ENABLE_STRICT_OBJC_MSGSEND = YES;
				GCC_C_LANGUAGE_STANDARD = gnu99;
				GCC_NO_COMMON_BLOCKS = YES;
				GCC_WARN_64_TO_32_BIT_CONVERSION = YES;
				GCC_WARN_ABOUT_RETURN_TYPE = YES_ERROR;
				GCC_WARN_UNDECLARED_SELECTOR = YES;
				GCC_WARN_UNINITIALIZED_AUTOS = YES_AGGRESSIVE;
				GCC_WARN_UNUSED_FUNCTION = YES;
				GCC_WARN_UNUSED_VARIABLE = YES;
				IPHONEOS_DEPLOYMENT_TARGET = 10.0;
				MTL_ENABLE_DEBUG_INFO = NO;
				SDKROOT = iphoneos;
				VALIDATE_PRODUCT = YES;
			};
			name = Release;
		};
		34EAFB111E0260E40059F339 /* Debug */ = {
			isa = XCBuildConfiguration;
			buildSettings = {
				ASSETCATALOG_COMPILER_APPICON_NAME = AppIcon;
				DEVELOPMENT_TEAM = TS3TJHEABE;
				INFOPLIST_FILE = LocalPush/Info.plist;
				IPHONEOS_DEPLOYMENT_TARGET = 8.0;
				LD_RUNPATH_SEARCH_PATHS = "$(inherited) @executable_path/Frameworks";
				PRODUCT_BUNDLE_IDENTIFIER = SMX.LocalPush;
				PRODUCT_NAME = "$(TARGET_NAME)";
			};
			name = Debug;
		};
		34EAFB121E0260E40059F339 /* Release */ = {
			isa = XCBuildConfiguration;
			buildSettings = {
				ASSETCATALOG_COMPILER_APPICON_NAME = AppIcon;
				DEVELOPMENT_TEAM = TS3TJHEABE;
				INFOPLIST_FILE = LocalPush/Info.plist;
				IPHONEOS_DEPLOYMENT_TARGET = 8.0;
				LD_RUNPATH_SEARCH_PATHS = "$(inherited) @executable_path/Frameworks";
				PRODUCT_BUNDLE_IDENTIFIER = SMX.LocalPush;
				PRODUCT_NAME = "$(TARGET_NAME)";
			};
			name = Release;
		};
/* End XCBuildConfiguration section */

/* Begin XCConfigurationList section */
		34EAFAF41E0260E40059F339 /* Build configuration list for PBXProject "LocalPush" */ = {
			isa = XCConfigurationList;
			buildConfigurations = (
				34EAFB0E1E0260E40059F339 /* Debug */,
				34EAFB0F1E0260E40059F339 /* Release */,
			);
			defaultConfigurationIsVisible = 0;
			defaultConfigurationName = Release;
		};
		34EAFB101E0260E40059F339 /* Build configuration list for PBXNativeTarget "LocalPush" */ = {
			isa = XCConfigurationList;
			buildConfigurations = (
				34EAFB111E0260E40059F339 /* Debug */,
				34EAFB121E0260E40059F339 /* Release */,
			);
			defaultConfigurationIsVisible = 0;
		};
/* End XCConfigurationList section */
	};
	rootObject = 34EAFAF11E0260E40059F339 /* Project object */;
}
